
Microsoft Visual Studio Solution File, Format Version 12.00
# Visual Studio Version 17
VisualStudioVersion = 17.0.31808.319
MinimumVisualStudioVersion = 10.0.40219.1
Project("{FAE04EC0-301F-11D3-BF4B-00C04F79EFBC}") = "Lavcode.Uwp", "Lavcode.Uwp\Lavcode.Uwp.csproj", "{6A58D9D3-2DA7-43A0-AB3F-98819E0CF729}"
EndProject
Project("{9A19103F-16F7-4668-BE54-9A1E7A4F7556}") = "Lavcode.Model", "Lavcode.Model\Lavcode.Model.csproj", "{BA98ED11-034C-4EC0-ABE0-2B81BD5ABCFB}"
EndProject
Project("{9A19103F-16F7-4668-BE54-9A1E7A4F7556}") = "Lavcode.IService", "Lavcode.IService\Lavcode.IService.csproj", "{461CE031-21FF-4516-BC6A-0F79A2096EC5}"
EndProject
Project("{9A19103F-16F7-4668-BE54-9A1E7A4F7556}") = "Lavcode.Service.Sqlite", "Lavcode.Service.Sqlite\Lavcode.Service.Sqlite.csproj", "{9B3D36D0-D0F8-4889-83F2-8730A72C61FA}"
EndProject
Project("{9A19103F-16F7-4668-BE54-9A1E7A4F7556}") = "Lavcode.Service.GitHub", "Lavcode.Service.GitHub\Lavcode.Service.GitHub.csproj", "{49AB6388-DB31-44DC-B731-A1435B040E7A}"
EndProject
Project("{9A19103F-16F7-4668-BE54-9A1E7A4F7556}") = "Lavcode.GitTools", "Lavcode.GitTools\Lavcode.GitTools.csproj", "{D22612FF-7448-4C42-A871-E329C69DA057}"
EndProject
Global
	GlobalSection(SolutionConfigurationPlatforms) = preSolution
		Debug|Any CPU = Debug|Any CPU
		Debug|ARM = Debug|ARM
		Debug|ARM64 = Debug|ARM64
		Debug|x64 = Debug|x64
		Debug|x86 = Debug|x86
		Release|Any CPU = Release|Any CPU
		Release|ARM = Release|ARM
		Release|ARM64 = Release|ARM64
		Release|x64 = Release|x64
		Release|x86 = Release|x86
	EndGlobalSection
	GlobalSection(ProjectConfigurationPlatforms) = postSolution
		{6A58D9D3-2DA7-43A0-AB3F-98819E0CF729}.Debug|Any CPU.ActiveCfg = Debug|x64
		{6A58D9D3-2DA7-43A0-AB3F-98819E0CF729}.Debug|Any CPU.Build.0 = Debug|x64
		{6A58D9D3-2DA7-43A0-AB3F-98819E0CF729}.Debug|Any CPU.Deploy.0 = Debug|x64
		{6A58D9D3-2DA7-43A0-AB3F-98819E0CF729}.Debug|ARM.ActiveCfg = Debug|ARM
		{6A58D9D3-2DA7-43A0-AB3F-98819E0CF729}.Debug|ARM.Build.0 = Debug|ARM
		{6A58D9D3-2DA7-43A0-AB3F-98819E0CF729}.Debug|ARM.Deploy.0 = Debug|ARM
		{6A58D9D3-2DA7-43A0-AB3F-98819E0CF729}.Debug|ARM64.ActiveCfg = Debug|ARM64
		{6A58D9D3-2DA7-43A0-AB3F-98819E0CF729}.Debug|ARM64.Build.0 = Debug|ARM64
		{6A58D9D3-2DA7-43A0-AB3F-98819E0CF729}.Debug|ARM64.Deploy.0 = Debug|ARM64
		{6A58D9D3-2DA7-43A0-AB3F-98819E0CF729}.Debug|x64.ActiveCfg = Debug|x64
		{6A58D9D3-2DA7-43A0-AB3F-98819E0CF729}.Debug|x64.Build.0 = Debug|x64
		{6A58D9D3-2DA7-43A0-AB3F-98819E0CF729}.Debug|x64.Deploy.0 = Debug|x64
		{6A58D9D3-2DA7-43A0-AB3F-98819E0CF729}.Debug|x86.ActiveCfg = Debug|x86
		{6A58D9D3-2DA7-43A0-AB3F-98819E0CF729}.Debug|x86.Build.0 = Debug|x86
		{6A58D9D3-2DA7-43A0-AB3F-98819E0CF729}.Debug|x86.Deploy.0 = Debug|x86
		{6A58D9D3-2DA7-43A0-AB3F-98819E0CF729}.Release|Any CPU.ActiveCfg = Release|x64
		{6A58D9D3-2DA7-43A0-AB3F-98819E0CF729}.Release|Any CPU.Build.0 = Release|x64
		{6A58D9D3-2DA7-43A0-AB3F-98819E0CF729}.Release|Any CPU.Deploy.0 = Release|x64
		{6A58D9D3-2DA7-43A0-AB3F-98819E0CF729}.Release|ARM.ActiveCfg = Release|ARM
		{6A58D9D3-2DA7-43A0-AB3F-98819E0CF729}.Release|ARM.Build.0 = Release|ARM
		{6A58D9D3-2DA7-43A0-AB3F-98819E0CF729}.Release|ARM.Deploy.0 = Release|ARM
		{6A58D9D3-2DA7-43A0-AB3F-98819E0CF729}.Release|ARM64.ActiveCfg = Release|ARM64
		{6A58D9D3-2DA7-43A0-AB3F-98819E0CF729}.Release|ARM64.Build.0 = Release|ARM64
		{6A58D9D3-2DA7-43A0-AB3F-98819E0CF729}.Release|ARM64.Deploy.0 = Release|ARM64
		{6A58D9D3-2DA7-43A0-AB3F-98819E0CF729}.Release|x64.ActiveCfg = Release|x64
		{6A58D9D3-2DA7-43A0-AB3F-98819E0CF729}.Release|x64.Build.0 = Release|x64
		{6A58D9D3-2DA7-43A0-AB3F-98819E0CF729}.Release|x64.Deploy.0 = Release|x64
		{6A58D9D3-2DA7-43A0-AB3F-98819E0CF729}.Release|x86.ActiveCfg = Release|x86
		{6A58D9D3-2DA7-43A0-AB3F-98819E0CF729}.Release|x86.Build.0 = Release|x86
		{6A58D9D3-2DA7-43A0-AB3F-98819E0CF729}.Release|x86.Deploy.0 = Release|x86
		{BA98ED11-034C-4EC0-ABE0-2B81BD5ABCFB}.Debug|Any CPU.ActiveCfg = Debug|Any CPU
		{BA98ED11-034C-4EC0-ABE0-2B81BD5ABCFB}.Debug|Any CPU.Build.0 = Debug|Any CPU
		{BA98ED11-034C-4EC0-ABE0-2B81BD5ABCFB}.Debug|ARM.ActiveCfg = Debug|Any CPU
		{BA98ED11-034C-4EC0-ABE0-2B81BD5ABCFB}.Debug|ARM.Build.0 = Debug|Any CPU
		{BA98ED11-034C-4EC0-ABE0-2B81BD5ABCFB}.Debug|ARM64.ActiveCfg = Debug|Any CPU
		{BA98ED11-034C-4EC0-ABE0-2B81BD5ABCFB}.Debug|ARM64.Build.0 = Debug|Any CPU
		{BA98ED11-034C-4EC0-ABE0-2B81BD5ABCFB}.Debug|x64.ActiveCfg = Debug|Any CPU
		{BA98ED11-034C-4EC0-ABE0-2B81BD5ABCFB}.Debug|x64.Build.0 = Debug|Any CPU
		{BA98ED11-034C-4EC0-ABE0-2B81BD5ABCFB}.Debug|x86.ActiveCfg = Debug|Any CPU
		{BA98ED11-034C-4EC0-ABE0-2B81BD5ABCFB}.Debug|x86.Build.0 = Debug|Any CPU
		{BA98ED11-034C-4EC0-ABE0-2B81BD5ABCFB}.Release|Any CPU.ActiveCfg = Release|Any CPU
		{BA98ED11-034C-4EC0-ABE0-2B81BD5ABCFB}.Release|Any CPU.Build.0 = Release|Any CPU
		{BA98ED11-034C-4EC0-ABE0-2B81BD5ABCFB}.Release|ARM.ActiveCfg = Release|Any CPU
		{BA98ED11-034C-4EC0-ABE0-2B81BD5ABCFB}.Release|ARM.Build.0 = Release|Any CPU
		{BA98ED11-034C-4EC0-ABE0-2B81BD5ABCFB}.Release|ARM64.ActiveCfg = Release|Any CPU
		{BA98ED11-034C-4EC0-ABE0-2B81BD5ABCFB}.Release|ARM64.Build.0 = Release|Any CPU
		{BA98ED11-034C-4EC0-ABE0-2B81BD5ABCFB}.Release|x64.ActiveCfg = Release|Any CPU
		{BA98ED11-034C-4EC0-ABE0-2B81BD5ABCFB}.Release|x64.Build.0 = Release|Any CPU
		{BA98ED11-034C-4EC0-ABE0-2B81BD5ABCFB}.Release|x86.ActiveCfg = Release|Any CPU
		{BA98ED11-034C-4EC0-ABE0-2B81BD5ABCFB}.Release|x86.Build.0 = Release|Any CPU
		{461CE031-21FF-4516-BC6A-0F79A2096EC5}.Debug|Any CPU.ActiveCfg = Debug|Any CPU
		{461CE031-21FF-4516-BC6A-0F79A2096EC5}.Debug|Any CPU.Build.0 = Debug|Any CPU
		{461CE031-21FF-4516-BC6A-0F79A2096EC5}.Debug|ARM.ActiveCfg = Debug|Any CPU
		{461CE031-21FF-4516-BC6A-0F79A2096EC5}.Debug|ARM.Build.0 = Debug|Any CPU
		{461CE031-21FF-4516-BC6A-0F79A2096EC5}.Debug|ARM64.ActiveCfg = Debug|Any CPU
		{461CE031-21FF-4516-BC6A-0F79A2096EC5}.Debug|ARM64.Build.0 = Debug|Any CPU
		{461CE031-21FF-4516-BC6A-0F79A2096EC5}.Debug|x64.ActiveCfg = Debug|Any CPU
		{461CE031-21FF-4516-BC6A-0F79A2096EC5}.Debug|x64.Build.0 = Debug|Any CPU
		{461CE031-21FF-4516-BC6A-0F79A2096EC5}.Debug|x86.ActiveCfg = Debug|Any CPU
		{461CE031-21FF-4516-BC6A-0F79A2096EC5}.Debug|x86.Build.0 = Debug|Any CPU
		{461CE031-21FF-4516-BC6A-0F79A2096EC5}.Release|Any CPU.ActiveCfg = Release|Any CPU
		{461CE031-21FF-4516-BC6A-0F79A2096EC5}.Release|Any CPU.Build.0 = Release|Any CPU
		{461CE031-21FF-4516-BC6A-0F79A2096EC5}.Release|ARM.ActiveCfg = Release|Any CPU
		{461CE031-21FF-4516-BC6A-0F79A2096EC5}.Release|ARM.Build.0 = Release|Any CPU
		{461CE031-21FF-4516-BC6A-0F79A2096EC5}.Release|ARM64.ActiveCfg = Release|Any CPU
		{461CE031-21FF-4516-BC6A-0F79A2096EC5}.Release|ARM64.Build.0 = Release|Any CPU
		{461CE031-21FF-4516-BC6A-0F79A2096EC5}.Release|x64.ActiveCfg = Release|Any CPU
		{461CE031-21FF-4516-BC6A-0F79A2096EC5}.Release|x64.Build.0 = Release|Any CPU
		{461CE031-21FF-4516-BC6A-0F79A2096EC5}.Release|x86.ActiveCfg = Release|Any CPU
		{461CE031-21FF-4516-BC6A-0F79A2096EC5}.Release|x86.Build.0 = Release|Any CPU
		{9B3D36D0-D0F8-4889-83F2-8730A72C61FA}.Debug|Any CPU.ActiveCfg = Debug|Any CPU
		{9B3D36D0-D0F8-4889-83F2-8730A72C61FA}.Debug|Any CPU.Build.0 = Debug|Any CPU
		{9B3D36D0-D0F8-4889-83F2-8730A72C61FA}.Debug|ARM.ActiveCfg = Debug|Any CPU
		{9B3D36D0-D0F8-4889-83F2-8730A72C61FA}.Debug|ARM.Build.0 = Debug|Any CPU
		{9B3D36D0-D0F8-4889-83F2-8730A72C61FA}.Debug|ARM64.ActiveCfg = Debug|Any CPU
		{9B3D36D0-D0F8-4889-83F2-8730A72C61FA}.Debug|ARM64.Build.0 = Debug|Any CPU
		{9B3D36D0-D0F8-4889-83F2-8730A72C61FA}.Debug|x64.ActiveCfg = Debug|Any CPU
		{9B3D36D0-D0F8-4889-83F2-8730A72C61FA}.Debug|x64.Build.0 = Debug|Any CPU
		{9B3D36D0-D0F8-4889-83F2-8730A72C61FA}.Debug|x86.ActiveCfg = Debug|Any CPU
		{9B3D36D0-D0F8-4889-83F2-8730A72C61FA}.Debug|x86.Build.0 = Debug|Any CPU
		{9B3D36D0-D0F8-4889-83F2-8730A72C61FA}.Release|Any CPU.ActiveCfg = Release|Any CPU
		{9B3D36D0-D0F8-4889-83F2-8730A72C61FA}.Release|Any CPU.Build.0 = Release|Any CPU
		{9B3D36D0-D0F8-4889-83F2-8730A72C61FA}.Release|ARM.ActiveCfg = Release|Any CPU
		{9B3D36D0-D0F8-4889-83F2-8730A72C61FA}.Release|ARM.Build.0 = Release|Any CPU
		{9B3D36D0-D0F8-4889-83F2-8730A72C61FA}.Release|ARM64.ActiveCfg = Release|Any CPU
		{9B3D36D0-D0F8-4889-83F2-8730A72C61FA}.Release|ARM64.Build.0 = Release|Any CPU
		{9B3D36D0-D0F8-4889-83F2-8730A72C61FA}.Release|x64.ActiveCfg = Release|Any CPU
		{9B3D36D0-D0F8-4889-83F2-8730A72C61FA}.Release|x64.Build.0 = Release|Any CPU
		{9B3D36D0-D0F8-4889-83F2-8730A72C61FA}.Release|x86.ActiveCfg = Release|Any CPU
		{9B3D36D0-D0F8-4889-83F2-8730A72C61FA}.Release|x86.Build.0 = Release|Any CPU
		{49AB6388-DB31-44DC-B731-A1435B040E7A}.Debug|Any CPU.ActiveCfg = Debug|Any CPU
		{49AB6388-DB31-44DC-B731-A1435B040E7A}.Debug|Any CPU.Build.0 = Debug|Any CPU
		{49AB6388-DB31-44DC-B731-A1435B040E7A}.Debug|ARM.ActiveCfg = Debug|Any CPU
		{49AB6388-DB31-44DC-B731-A1435B040E7A}.Debug|ARM.Build.0 = Debug|Any CPU
		{49AB6388-DB31-44DC-B731-A1435B040E7A}.Debug|ARM64.ActiveCfg = Debug|Any CPU
		{49AB6388-DB31-44DC-B731-A1435B040E7A}.Debug|ARM64.Build.0 = Debug|Any CPU
		{49AB6388-DB31-44DC-B731-A1435B040E7A}.Debug|x64.ActiveCfg = Debug|Any CPU
		{49AB6388-DB31-44DC-B731-A1435B040E7A}.Debug|x64.Build.0 = Debug|Any CPU
		{49AB6388-DB31-44DC-B731-A1435B040E7A}.Debug|x86.ActiveCfg = Debug|Any CPU
		{49AB6388-DB31-44DC-B731-A1435B040E7A}.Debug|x86.Build.0 = Debug|Any CPU
		{49AB6388-DB31-44DC-B731-A1435B040E7A}.Release|Any CPU.ActiveCfg = Release|Any CPU
		{49AB6388-DB31-44DC-B731-A1435B040E7A}.Release|Any CPU.Build.0 = Release|Any CPU
		{49AB6388-DB31-44DC-B731-A1435B040E7A}.Release|ARM.ActiveCfg = Release|Any CPU
		{49AB6388-DB31-44DC-B731-A1435B040E7A}.Release|ARM.Build.0 = Release|Any CPU
		{49AB6388-DB31-44DC-B731-A1435B040E7A}.Release|ARM64.ActiveCfg = Release|Any CPU
		{49AB6388-DB31-44DC-B731-A1435B040E7A}.Release|ARM64.Build.0 = Release|Any CPU
		{49AB6388-DB31-44DC-B731-A1435B040E7A}.Release|x64.ActiveCfg = Release|Any CPU
		{49AB6388-DB31-44DC-B731-A1435B040E7A}.Release|x64.Build.0 = Release|Any CPU
		{49AB6388-DB31-44DC-B731-A1435B040E7A}.Release|x86.ActiveCfg = Release|Any CPU
		{49AB6388-DB31-44DC-B731-A1435B040E7A}.Release|x86.Build.0 = Release|Any CPU
		{D22612FF-7448-4C42-A871-E329C69DA057}.Debug|Any CPU.ActiveCfg = Debug|Any CPU
		{D22612FF-7448-4C42-A871-E329C69DA057}.Debug|Any CPU.Build.0 = Debug|Any CPU
		{D22612FF-7448-4C42-A871-E329C69DA057}.Debug|ARM.ActiveCfg = Debug|Any CPU
		{D22612FF-7448-4C42-A871-E329C69DA057}.Debug|ARM.Build.0 = Debug|Any CPU
		{D22612FF-7448-4C42-A871-E329C69DA057}.Debug|ARM64.ActiveCfg = Debug|Any CPU
		{D22612FF-7448-4C42-A871-E329C69DA057}.Debug|ARM64.Build.0 = Debug|Any CPU
		{D22612FF-7448-4C42-A871-E329C69DA057}.Debug|x64.ActiveCfg = Debug|Any CPU
		{D22612FF-7448-4C42-A871-E329C69DA057}.Debug|x64.Build.0 = Debug|Any CPU
		{D22612FF-7448-4C42-A871-E329C69DA057}.Debug|x86.ActiveCfg = Debug|Any CPU
		{D22612FF-7448-4C42-A871-E329C69DA057}.Debug|x86.Build.0 = Debug|Any CPU
		{D22612FF-7448-4C42-A871-E329C69DA057}.Release|Any CPU.ActiveCfg = Release|Any CPU
		{D22612FF-7448-4C42-A871-E329C69DA057}.Release|Any CPU.Build.0 = Release|Any CPU
		{D22612FF-7448-4C42-A871-E329C69DA057}.Release|ARM.ActiveCfg = Release|Any CPU
		{D22612FF-7448-4C42-A871-E329C69DA057}.Release|ARM.Build.0 = Release|Any CPU
		{D22612FF-7448-4C42-A871-E329C69DA057}.Release|ARM64.ActiveCfg = Release|Any CPU
		{D22612FF-7448-4C42-A871-E329C69DA057}.Release|ARM64.Build.0 = Release|Any CPU
		{D22612FF-7448-4C42-A871-E329C69DA057}.Release|x64.ActiveCfg = Release|Any CPU
		{D22612FF-7448-4C42-A871-E329C69DA057}.Release|x64.Build.0 = Release|Any CPU
		{D22612FF-7448-4C42-A871-E329C69DA057}.Release|x86.ActiveCfg = Release|Any CPU
		{D22612FF-7448-4C42-A871-E329C69DA057}.Release|x86.Build.0 = Release|Any CPU
	EndGlobalSection
	GlobalSection(SolutionProperties) = preSolution
		HideSolutionNode = FALSE
	EndGlobalSection
	GlobalSection(ExtensibilityGlobals) = postSolution
		SolutionGuid = {8254AFE9-29C2-453D-A6B5-978A506F3496}
	EndGlobalSection
EndGlobal
