
Microsoft Visual Studio Solution File, Format Version 12.00
# Visual Studio Version 16
VisualStudioVersion = 16.0.29613.14
MinimumVisualStudioVersion = 10.0.40219.1
Project("{FAE04EC0-301F-11D3-BF4B-00C04F79EFBC}") = "Lavcode.Uwp", "Lavcode.Uwp.csproj", "{6A58D9D3-2DA7-43A0-AB3F-98819E0CF729}"
EndProject
Project("{FAE04EC0-301F-11D3-BF4B-00C04F79EFBC}") = "Lavcode.ViewModel", "..\Lavcode.Uwp.ViewModel\Lavcode.ViewModel.csproj", "{C2C61D67-6FF3-4E13-A488-ADF1ACC6A352}"
EndProject
Project("{9A19103F-16F7-4668-BE54-9A1E7A4F7556}") = "Lavcode.Model", "..\Lavcode.Model\Lavcode.Model.csproj", "{64572E81-BA90-4BF4-9B30-2FBDAD533665}"
EndProject
Project("{FAE04EC0-301F-11D3-BF4B-00C04F79EFBC}") = "Lavcode.DAL", "..\Lavcode.DAL\Lavcode.DAL.csproj", "{F17678CA-7704-46AB-8552-F790C2C4814D}"
EndProject
Project("{FAE04EC0-301F-11D3-BF4B-00C04F79EFBC}") = "Lavcode.BLL", "..\Lavcode.BLL\Lavcode.BLL.csproj", "{69E605FC-0037-477B-BC33-B6D3499A911E}"
EndProject
Global
	GlobalSection(SolutionConfigurationPlatforms) = preSolution
		Debug|Any CPU = Debug|Any CPU
		Debug|ARM = Debug|ARM
		Debug|ARM64 = Debug|ARM64
		Debug|x64 = Debug|x64
		Debug|x86 = Debug|x86
		Release|Any CPU = Release|Any CPU
		Release|ARM = Release|ARM
		Release|ARM64 = Release|ARM64
		Release|x64 = Release|x64
		Release|x86 = Release|x86
	EndGlobalSection
	GlobalSection(ProjectConfigurationPlatforms) = postSolution
		{6A58D9D3-2DA7-43A0-AB3F-98819E0CF729}.Debug|Any CPU.ActiveCfg = Debug|x86
		{6A58D9D3-2DA7-43A0-AB3F-98819E0CF729}.Debug|ARM.ActiveCfg = Debug|ARM
		{6A58D9D3-2DA7-43A0-AB3F-98819E0CF729}.Debug|ARM.Build.0 = Debug|ARM
		{6A58D9D3-2DA7-43A0-AB3F-98819E0CF729}.Debug|ARM.Deploy.0 = Debug|ARM
		{6A58D9D3-2DA7-43A0-AB3F-98819E0CF729}.Debug|ARM64.ActiveCfg = Debug|ARM64
		{6A58D9D3-2DA7-43A0-AB3F-98819E0CF729}.Debug|ARM64.Build.0 = Debug|ARM64
		{6A58D9D3-2DA7-43A0-AB3F-98819E0CF729}.Debug|ARM64.Deploy.0 = Debug|ARM64
		{6A58D9D3-2DA7-43A0-AB3F-98819E0CF729}.Debug|x64.ActiveCfg = Debug|x64
		{6A58D9D3-2DA7-43A0-AB3F-98819E0CF729}.Debug|x64.Build.0 = Debug|x64
		{6A58D9D3-2DA7-43A0-AB3F-98819E0CF729}.Debug|x64.Deploy.0 = Debug|x64
		{6A58D9D3-2DA7-43A0-AB3F-98819E0CF729}.Debug|x86.ActiveCfg = Debug|x86
		{6A58D9D3-2DA7-43A0-AB3F-98819E0CF729}.Debug|x86.Build.0 = Debug|x86
		{6A58D9D3-2DA7-43A0-AB3F-98819E0CF729}.Debug|x86.Deploy.0 = Debug|x86
		{6A58D9D3-2DA7-43A0-AB3F-98819E0CF729}.Release|Any CPU.ActiveCfg = Release|x86
		{6A58D9D3-2DA7-43A0-AB3F-98819E0CF729}.Release|ARM.ActiveCfg = Release|ARM
		{6A58D9D3-2DA7-43A0-AB3F-98819E0CF729}.Release|ARM.Build.0 = Release|ARM
		{6A58D9D3-2DA7-43A0-AB3F-98819E0CF729}.Release|ARM.Deploy.0 = Release|ARM
		{6A58D9D3-2DA7-43A0-AB3F-98819E0CF729}.Release|ARM64.ActiveCfg = Release|ARM64
		{6A58D9D3-2DA7-43A0-AB3F-98819E0CF729}.Release|ARM64.Build.0 = Release|ARM64
		{6A58D9D3-2DA7-43A0-AB3F-98819E0CF729}.Release|ARM64.Deploy.0 = Release|ARM64
		{6A58D9D3-2DA7-43A0-AB3F-98819E0CF729}.Release|x64.ActiveCfg = Release|x64
		{6A58D9D3-2DA7-43A0-AB3F-98819E0CF729}.Release|x64.Build.0 = Release|x64
		{6A58D9D3-2DA7-43A0-AB3F-98819E0CF729}.Release|x64.Deploy.0 = Release|x64
		{6A58D9D3-2DA7-43A0-AB3F-98819E0CF729}.Release|x86.ActiveCfg = Release|x86
		{6A58D9D3-2DA7-43A0-AB3F-98819E0CF729}.Release|x86.Build.0 = Release|x86
		{6A58D9D3-2DA7-43A0-AB3F-98819E0CF729}.Release|x86.Deploy.0 = Release|x86
		{C2C61D67-6FF3-4E13-A488-ADF1ACC6A352}.Debug|Any CPU.ActiveCfg = Debug|Any CPU
		{C2C61D67-6FF3-4E13-A488-ADF1ACC6A352}.Debug|Any CPU.Build.0 = Debug|Any CPU
		{C2C61D67-6FF3-4E13-A488-ADF1ACC6A352}.Debug|ARM.ActiveCfg = Debug|ARM
		{C2C61D67-6FF3-4E13-A488-ADF1ACC6A352}.Debug|ARM.Build.0 = Debug|ARM
		{C2C61D67-6FF3-4E13-A488-ADF1ACC6A352}.Debug|ARM64.ActiveCfg = Debug|ARM64
		{C2C61D67-6FF3-4E13-A488-ADF1ACC6A352}.Debug|ARM64.Build.0 = Debug|ARM64
		{C2C61D67-6FF3-4E13-A488-ADF1ACC6A352}.Debug|x64.ActiveCfg = Debug|x64
		{C2C61D67-6FF3-4E13-A488-ADF1ACC6A352}.Debug|x64.Build.0 = Debug|x64
		{C2C61D67-6FF3-4E13-A488-ADF1ACC6A352}.Debug|x86.ActiveCfg = Debug|x86
		{C2C61D67-6FF3-4E13-A488-ADF1ACC6A352}.Debug|x86.Build.0 = Debug|x86
		{C2C61D67-6FF3-4E13-A488-ADF1ACC6A352}.Release|Any CPU.ActiveCfg = Release|Any CPU
		{C2C61D67-6FF3-4E13-A488-ADF1ACC6A352}.Release|Any CPU.Build.0 = Release|Any CPU
		{C2C61D67-6FF3-4E13-A488-ADF1ACC6A352}.Release|ARM.ActiveCfg = Release|ARM
		{C2C61D67-6FF3-4E13-A488-ADF1ACC6A352}.Release|ARM.Build.0 = Release|ARM
		{C2C61D67-6FF3-4E13-A488-ADF1ACC6A352}.Release|ARM64.ActiveCfg = Release|ARM64
		{C2C61D67-6FF3-4E13-A488-ADF1ACC6A352}.Release|ARM64.Build.0 = Release|ARM64
		{C2C61D67-6FF3-4E13-A488-ADF1ACC6A352}.Release|x64.ActiveCfg = Release|x64
		{C2C61D67-6FF3-4E13-A488-ADF1ACC6A352}.Release|x64.Build.0 = Release|x64
		{C2C61D67-6FF3-4E13-A488-ADF1ACC6A352}.Release|x86.ActiveCfg = Release|x86
		{C2C61D67-6FF3-4E13-A488-ADF1ACC6A352}.Release|x86.Build.0 = Release|x86
		{64572E81-BA90-4BF4-9B30-2FBDAD533665}.Debug|Any CPU.ActiveCfg = Debug|Any CPU
		{64572E81-BA90-4BF4-9B30-2FBDAD533665}.Debug|Any CPU.Build.0 = Debug|Any CPU
		{64572E81-BA90-4BF4-9B30-2FBDAD533665}.Debug|ARM.ActiveCfg = Debug|Any CPU
		{64572E81-BA90-4BF4-9B30-2FBDAD533665}.Debug|ARM.Build.0 = Debug|Any CPU
		{64572E81-BA90-4BF4-9B30-2FBDAD533665}.Debug|ARM64.ActiveCfg = Debug|Any CPU
		{64572E81-BA90-4BF4-9B30-2FBDAD533665}.Debug|ARM64.Build.0 = Debug|Any CPU
		{64572E81-BA90-4BF4-9B30-2FBDAD533665}.Debug|x64.ActiveCfg = Debug|Any CPU
		{64572E81-BA90-4BF4-9B30-2FBDAD533665}.Debug|x64.Build.0 = Debug|Any CPU
		{64572E81-BA90-4BF4-9B30-2FBDAD533665}.Debug|x86.ActiveCfg = Debug|Any CPU
		{64572E81-BA90-4BF4-9B30-2FBDAD533665}.Debug|x86.Build.0 = Debug|Any CPU
		{64572E81-BA90-4BF4-9B30-2FBDAD533665}.Release|Any CPU.ActiveCfg = Release|Any CPU
		{64572E81-BA90-4BF4-9B30-2FBDAD533665}.Release|Any CPU.Build.0 = Release|Any CPU
		{64572E81-BA90-4BF4-9B30-2FBDAD533665}.Release|ARM.ActiveCfg = Release|Any CPU
		{64572E81-BA90-4BF4-9B30-2FBDAD533665}.Release|ARM.Build.0 = Release|Any CPU
		{64572E81-BA90-4BF4-9B30-2FBDAD533665}.Release|ARM64.ActiveCfg = Release|Any CPU
		{64572E81-BA90-4BF4-9B30-2FBDAD533665}.Release|ARM64.Build.0 = Release|Any CPU
		{64572E81-BA90-4BF4-9B30-2FBDAD533665}.Release|x64.ActiveCfg = Release|Any CPU
		{64572E81-BA90-4BF4-9B30-2FBDAD533665}.Release|x64.Build.0 = Release|Any CPU
		{64572E81-BA90-4BF4-9B30-2FBDAD533665}.Release|x86.ActiveCfg = Release|Any CPU
		{64572E81-BA90-4BF4-9B30-2FBDAD533665}.Release|x86.Build.0 = Release|Any CPU
		{F17678CA-7704-46AB-8552-F790C2C4814D}.Debug|Any CPU.ActiveCfg = Debug|Any CPU
		{F17678CA-7704-46AB-8552-F790C2C4814D}.Debug|Any CPU.Build.0 = Debug|Any CPU
		{F17678CA-7704-46AB-8552-F790C2C4814D}.Debug|ARM.ActiveCfg = Debug|Any CPU
		{F17678CA-7704-46AB-8552-F790C2C4814D}.Debug|ARM.Build.0 = Debug|Any CPU
		{F17678CA-7704-46AB-8552-F790C2C4814D}.Debug|ARM64.ActiveCfg = Debug|Any CPU
		{F17678CA-7704-46AB-8552-F790C2C4814D}.Debug|ARM64.Build.0 = Debug|Any CPU
		{F17678CA-7704-46AB-8552-F790C2C4814D}.Debug|x64.ActiveCfg = Debug|Any CPU
		{F17678CA-7704-46AB-8552-F790C2C4814D}.Debug|x64.Build.0 = Debug|Any CPU
		{F17678CA-7704-46AB-8552-F790C2C4814D}.Debug|x86.ActiveCfg = Debug|Any CPU
		{F17678CA-7704-46AB-8552-F790C2C4814D}.Debug|x86.Build.0 = Debug|Any CPU
		{F17678CA-7704-46AB-8552-F790C2C4814D}.Release|Any CPU.ActiveCfg = Release|Any CPU
		{F17678CA-7704-46AB-8552-F790C2C4814D}.Release|Any CPU.Build.0 = Release|Any CPU
		{F17678CA-7704-46AB-8552-F790C2C4814D}.Release|ARM.ActiveCfg = Release|Any CPU
		{F17678CA-7704-46AB-8552-F790C2C4814D}.Release|ARM.Build.0 = Release|Any CPU
		{F17678CA-7704-46AB-8552-F790C2C4814D}.Release|ARM64.ActiveCfg = Release|Any CPU
		{F17678CA-7704-46AB-8552-F790C2C4814D}.Release|ARM64.Build.0 = Release|Any CPU
		{F17678CA-7704-46AB-8552-F790C2C4814D}.Release|x64.ActiveCfg = Release|Any CPU
		{F17678CA-7704-46AB-8552-F790C2C4814D}.Release|x64.Build.0 = Release|Any CPU
		{F17678CA-7704-46AB-8552-F790C2C4814D}.Release|x86.ActiveCfg = Release|Any CPU
		{F17678CA-7704-46AB-8552-F790C2C4814D}.Release|x86.Build.0 = Release|Any CPU
		{69E605FC-0037-477B-BC33-B6D3499A911E}.Debug|Any CPU.ActiveCfg = Debug|Any CPU
		{69E605FC-0037-477B-BC33-B6D3499A911E}.Debug|Any CPU.Build.0 = Debug|Any CPU
		{69E605FC-0037-477B-BC33-B6D3499A911E}.Debug|ARM.ActiveCfg = Debug|Any CPU
		{69E605FC-0037-477B-BC33-B6D3499A911E}.Debug|ARM.Build.0 = Debug|Any CPU
		{69E605FC-0037-477B-BC33-B6D3499A911E}.Debug|ARM64.ActiveCfg = Debug|Any CPU
		{69E605FC-0037-477B-BC33-B6D3499A911E}.Debug|ARM64.Build.0 = Debug|Any CPU
		{69E605FC-0037-477B-BC33-B6D3499A911E}.Debug|x64.ActiveCfg = Debug|Any CPU
		{69E605FC-0037-477B-BC33-B6D3499A911E}.Debug|x64.Build.0 = Debug|Any CPU
		{69E605FC-0037-477B-BC33-B6D3499A911E}.Debug|x86.ActiveCfg = Debug|Any CPU
		{69E605FC-0037-477B-BC33-B6D3499A911E}.Debug|x86.Build.0 = Debug|Any CPU
		{69E605FC-0037-477B-BC33-B6D3499A911E}.Release|Any CPU.ActiveCfg = Release|Any CPU
		{69E605FC-0037-477B-BC33-B6D3499A911E}.Release|Any CPU.Build.0 = Release|Any CPU
		{69E605FC-0037-477B-BC33-B6D3499A911E}.Release|ARM.ActiveCfg = Release|Any CPU
		{69E605FC-0037-477B-BC33-B6D3499A911E}.Release|ARM.Build.0 = Release|Any CPU
		{69E605FC-0037-477B-BC33-B6D3499A911E}.Release|ARM64.ActiveCfg = Release|Any CPU
		{69E605FC-0037-477B-BC33-B6D3499A911E}.Release|ARM64.Build.0 = Release|Any CPU
		{69E605FC-0037-477B-BC33-B6D3499A911E}.Release|x64.ActiveCfg = Release|Any CPU
		{69E605FC-0037-477B-BC33-B6D3499A911E}.Release|x64.Build.0 = Release|Any CPU
		{69E605FC-0037-477B-BC33-B6D3499A911E}.Release|x86.ActiveCfg = Release|Any CPU
		{69E605FC-0037-477B-BC33-B6D3499A911E}.Release|x86.Build.0 = Release|Any CPU
	EndGlobalSection
	GlobalSection(SolutionProperties) = preSolution
		HideSolutionNode = FALSE
	EndGlobalSection
	GlobalSection(ExtensibilityGlobals) = postSolution
		SolutionGuid = {8254AFE9-29C2-453D-A6B5-978A506F3496}
	EndGlobalSection
EndGlobal
